
Microsoft Visual Studio Solution File, Format Version 10.00
# Visual Studio 2008
Project("{8BC9CEB8-8B4A-11D0-8D11-00A0C91BC942}") = "Flower", "ENSIP\ENSIP.vcproj", "{C22CBED4-9C30-47C7-93F0-E41480E24419}"
	ProjectSection(ProjectDependencies) = postProject
		{9D0EA007-AD16-4128-99A1-342C9731EB79} = {9D0EA007-AD16-4128-99A1-342C9731EB79}
		{252F68F5-A574-4265-A0C0-47780935D2AA} = {252F68F5-A574-4265-A0C0-47780935D2AA}
	EndProjectSection
EndProject
Project("{8BC9CEB8-8B4A-11D0-8D11-00A0C91BC942}") = "ENSIP_DLL", "ENSIP_DLL\ENSIP_DLL.vcproj", "{252F68F5-A574-4265-A0C0-47780935D2AA}"
	ProjectSection(ProjectDependencies) = postProject
		{9D0EA007-AD16-4128-99A1-342C9731EB79} = {9D0EA007-AD16-4128-99A1-342C9731EB79}
	EndProjectSection
EndProject
Project("{8BC9CEB8-8B4A-11D0-8D11-00A0C91BC942}") = "Diag", "..\..\..\..\..\..\..\Diagnostic\support\other\ide\vs2008\Diag.vcproj", "{9D0EA007-AD16-4128-99A1-342C9731EB79}"
EndProject
Global
	GlobalSection(SolutionConfigurationPlatforms) = preSolution
		Debug|Win32 = Debug|Win32
		Debug|x64 = Debug|x64
		Release|Win32 = Release|Win32
		Release|x64 = Release|x64
	EndGlobalSection
	GlobalSection(ProjectConfigurationPlatforms) = postSolution
		{C22CBED4-9C30-47C7-93F0-E41480E24419}.Debug|Win32.ActiveCfg = Debug|Win32
		{C22CBED4-9C30-47C7-93F0-E41480E24419}.Debug|Win32.Build.0 = Debug|Win32
		{C22CBED4-9C30-47C7-93F0-E41480E24419}.Debug|x64.ActiveCfg = Debug|Win32
		{C22CBED4-9C30-47C7-93F0-E41480E24419}.Release|Win32.ActiveCfg = Release|Win32
		{C22CBED4-9C30-47C7-93F0-E41480E24419}.Release|Win32.Build.0 = Release|Win32
		{C22CBED4-9C30-47C7-93F0-E41480E24419}.Release|x64.ActiveCfg = Release|Win32
		{252F68F5-A574-4265-A0C0-47780935D2AA}.Debug|Win32.ActiveCfg = Debug|Win32
		{252F68F5-A574-4265-A0C0-47780935D2AA}.Debug|Win32.Build.0 = Debug|Win32
		{252F68F5-A574-4265-A0C0-47780935D2AA}.Debug|x64.ActiveCfg = Debug|Win32
		{252F68F5-A574-4265-A0C0-47780935D2AA}.Release|Win32.ActiveCfg = Release|Win32
		{252F68F5-A574-4265-A0C0-47780935D2AA}.Release|Win32.Build.0 = Release|Win32
		{252F68F5-A574-4265-A0C0-47780935D2AA}.Release|x64.ActiveCfg = Release|Win32
		{9D0EA007-AD16-4128-99A1-342C9731EB79}.Debug|Win32.ActiveCfg = Debug|Win32
		{9D0EA007-AD16-4128-99A1-342C9731EB79}.Debug|Win32.Build.0 = Debug|Win32
		{9D0EA007-AD16-4128-99A1-342C9731EB79}.Debug|x64.ActiveCfg = Debug|x64
		{9D0EA007-AD16-4128-99A1-342C9731EB79}.Debug|x64.Build.0 = Debug|x64
		{9D0EA007-AD16-4128-99A1-342C9731EB79}.Release|Win32.ActiveCfg = Release|Win32
		{9D0EA007-AD16-4128-99A1-342C9731EB79}.Release|Win32.Build.0 = Release|Win32
		{9D0EA007-AD16-4128-99A1-342C9731EB79}.Release|x64.ActiveCfg = Release|x64
		{9D0EA007-AD16-4128-99A1-342C9731EB79}.Release|x64.Build.0 = Release|x64
	EndGlobalSection
	GlobalSection(SolutionProperties) = preSolution
		HideSolutionNode = FALSE
	EndGlobalSection
EndGlobal
