
Microsoft Visual Studio Solution File, Format Version 12.00
# Visual Studio 15
VisualStudioVersion = 15.0.26730.16
MinimumVisualStudioVersion = 10.0.40219.1
Project("{8BC9CEB8-8B4A-11D0-8D11-00A0C91BC942}") = "Flower", "Flower\Flower.vcxproj", "{98F69BA3-AB28-4407-8073-0F4C074093D7}"
	ProjectSection(ProjectDependencies) = postProject
		{CDB24FE0-82BA-4FC0-8B10-3C029F1873C4} = {CDB24FE0-82BA-4FC0-8B10-3C029F1873C4}
	EndProjectSection
EndProject
Project("{8BC9CEB8-8B4A-11D0-8D11-00A0C91BC942}") = "FlowerLib", "FlowerLib\FlowerLib.vcxproj", "{CDB24FE0-82BA-4FC0-8B10-3C029F1873C4}"
EndProject
Project("{2150E333-8FDC-42A3-9474-1A3956D46DE8}") = "Solution Items", "Solution Items", "{0A176C5B-976D-466D-B5F4-04EFFDD009D9}"
	ProjectSection(SolutionItems) = preProject
		test.runsettings = test.runsettings
	EndProjectSection
EndProject
Project("{8BC9CEB8-8B4A-11D0-8D11-00A0C91BC942}") = "FlowerTest_Data", "FlowerTest_Data\FlowerTest_Data.vcxproj", "{84DA09BD-561B-4AB6-B461-40DE19A28D57}"
	ProjectSection(ProjectDependencies) = postProject
		{CDB24FE0-82BA-4FC0-8B10-3C029F1873C4} = {CDB24FE0-82BA-4FC0-8B10-3C029F1873C4}
	EndProjectSection
EndProject
Project("{8BC9CEB8-8B4A-11D0-8D11-00A0C91BC942}") = "FlowerTest_Flow", "FlowerTest_Flow\FlowerTest_Flow.vcxproj", "{852B3675-4E52-465B-B691-1EADF89A2C27}"
	ProjectSection(ProjectDependencies) = postProject
		{CDB24FE0-82BA-4FC0-8B10-3C029F1873C4} = {CDB24FE0-82BA-4FC0-8B10-3C029F1873C4}
	EndProjectSection
EndProject
Project("{8BC9CEB8-8B4A-11D0-8D11-00A0C91BC942}") = "FlowerTest_Ip", "FlowerTest_Ip\FlowerTest_Ip.vcxproj", "{962B3675-4E52-465B-B691-1EADF89A2C27}"
EndProject
Project("{8BC9CEB8-8B4A-11D0-8D11-00A0C91BC942}") = "FlowerTest_FlowCache", "FlowerTest_FlowCache\FlowerTest_FlowCache.vcxproj", "{CC744141-74C7-41A5-B9EF-783A47C664AF}"
EndProject
Project("{8BC9CEB8-8B4A-11D0-8D11-00A0C91BC942}") = "FlowerTest_Event", "FlowerTest_Event\FlowerTest_Event.vcxproj", "{E31E160F-F51E-435E-B433-833426FD2CE0}"
EndProject
Project("{8BC9CEB8-8B4A-11D0-8D11-00A0C91BC942}") = "FlowerTest_Elf", "FlowerTest_Elf\FlowerTest_Elf.vcxproj", "{66DE002B-1091-4DB3-9C35-9046BDD73027}"
EndProject
Global
	GlobalSection(SolutionConfigurationPlatforms) = preSolution
		Debug|x64 = Debug|x64
		Debug|x86 = Debug|x86
		Release|x64 = Release|x64
		Release|x86 = Release|x86
	EndGlobalSection
	GlobalSection(ProjectConfigurationPlatforms) = postSolution
		{98F69BA3-AB28-4407-8073-0F4C074093D7}.Debug|x64.ActiveCfg = Debug|x64
		{98F69BA3-AB28-4407-8073-0F4C074093D7}.Debug|x64.Build.0 = Debug|x64
		{98F69BA3-AB28-4407-8073-0F4C074093D7}.Debug|x86.ActiveCfg = Debug|Win32
		{98F69BA3-AB28-4407-8073-0F4C074093D7}.Debug|x86.Build.0 = Debug|Win32
		{98F69BA3-AB28-4407-8073-0F4C074093D7}.Release|x64.ActiveCfg = Release|x64
		{98F69BA3-AB28-4407-8073-0F4C074093D7}.Release|x64.Build.0 = Release|x64
		{98F69BA3-AB28-4407-8073-0F4C074093D7}.Release|x86.ActiveCfg = Release|Win32
		{98F69BA3-AB28-4407-8073-0F4C074093D7}.Release|x86.Build.0 = Release|Win32
		{CDB24FE0-82BA-4FC0-8B10-3C029F1873C4}.Debug|x64.ActiveCfg = Debug|x64
		{CDB24FE0-82BA-4FC0-8B10-3C029F1873C4}.Debug|x64.Build.0 = Debug|x64
		{CDB24FE0-82BA-4FC0-8B10-3C029F1873C4}.Debug|x86.ActiveCfg = Debug|Win32
		{CDB24FE0-82BA-4FC0-8B10-3C029F1873C4}.Debug|x86.Build.0 = Debug|Win32
		{CDB24FE0-82BA-4FC0-8B10-3C029F1873C4}.Debug|x86.Deploy.0 = Debug|Win32
		{CDB24FE0-82BA-4FC0-8B10-3C029F1873C4}.Release|x64.ActiveCfg = Release|x64
		{CDB24FE0-82BA-4FC0-8B10-3C029F1873C4}.Release|x64.Build.0 = Release|x64
		{CDB24FE0-82BA-4FC0-8B10-3C029F1873C4}.Release|x86.ActiveCfg = Release|Win32
		{CDB24FE0-82BA-4FC0-8B10-3C029F1873C4}.Release|x86.Build.0 = Release|Win32
		{CDB24FE0-82BA-4FC0-8B10-3C029F1873C4}.Release|x86.Deploy.0 = Release|Win32
		{84DA09BD-561B-4AB6-B461-40DE19A28D57}.Debug|x64.ActiveCfg = Debug|x64
		{84DA09BD-561B-4AB6-B461-40DE19A28D57}.Debug|x64.Build.0 = Debug|x64
		{84DA09BD-561B-4AB6-B461-40DE19A28D57}.Debug|x86.ActiveCfg = Debug|Win32
		{84DA09BD-561B-4AB6-B461-40DE19A28D57}.Debug|x86.Build.0 = Debug|Win32
		{84DA09BD-561B-4AB6-B461-40DE19A28D57}.Debug|x86.Deploy.0 = Debug|Win32
		{84DA09BD-561B-4AB6-B461-40DE19A28D57}.Release|x64.ActiveCfg = Release|x64
		{84DA09BD-561B-4AB6-B461-40DE19A28D57}.Release|x64.Build.0 = Release|x64
		{84DA09BD-561B-4AB6-B461-40DE19A28D57}.Release|x86.ActiveCfg = Release|Win32
		{84DA09BD-561B-4AB6-B461-40DE19A28D57}.Release|x86.Build.0 = Release|Win32
		{84DA09BD-561B-4AB6-B461-40DE19A28D57}.Release|x86.Deploy.0 = Release|Win32
		{852B3675-4E52-465B-B691-1EADF89A2C27}.Debug|x64.ActiveCfg = Debug|x64
		{852B3675-4E52-465B-B691-1EADF89A2C27}.Debug|x64.Build.0 = Debug|x64
		{852B3675-4E52-465B-B691-1EADF89A2C27}.Debug|x86.ActiveCfg = Debug|Win32
		{852B3675-4E52-465B-B691-1EADF89A2C27}.Debug|x86.Build.0 = Debug|Win32
		{852B3675-4E52-465B-B691-1EADF89A2C27}.Debug|x86.Deploy.0 = Debug|Win32
		{852B3675-4E52-465B-B691-1EADF89A2C27}.Release|x64.ActiveCfg = Release|x64
		{852B3675-4E52-465B-B691-1EADF89A2C27}.Release|x64.Build.0 = Release|x64
		{852B3675-4E52-465B-B691-1EADF89A2C27}.Release|x86.ActiveCfg = Release|Win32
		{852B3675-4E52-465B-B691-1EADF89A2C27}.Release|x86.Build.0 = Release|Win32
		{852B3675-4E52-465B-B691-1EADF89A2C27}.Release|x86.Deploy.0 = Release|Win32
		{962B3675-4E52-465B-B691-1EADF89A2C27}.Debug|x64.ActiveCfg = Debug|x64
		{962B3675-4E52-465B-B691-1EADF89A2C27}.Debug|x64.Build.0 = Debug|x64
		{962B3675-4E52-465B-B691-1EADF89A2C27}.Debug|x86.ActiveCfg = Debug|Win32
		{962B3675-4E52-465B-B691-1EADF89A2C27}.Debug|x86.Build.0 = Debug|Win32
		{962B3675-4E52-465B-B691-1EADF89A2C27}.Release|x64.ActiveCfg = Release|x64
		{962B3675-4E52-465B-B691-1EADF89A2C27}.Release|x64.Build.0 = Release|x64
		{962B3675-4E52-465B-B691-1EADF89A2C27}.Release|x86.ActiveCfg = Release|Win32
		{962B3675-4E52-465B-B691-1EADF89A2C27}.Release|x86.Build.0 = Release|Win32
		{CC744141-74C7-41A5-B9EF-783A47C664AF}.Debug|x64.ActiveCfg = Debug|x64
		{CC744141-74C7-41A5-B9EF-783A47C664AF}.Debug|x64.Build.0 = Debug|x64
		{CC744141-74C7-41A5-B9EF-783A47C664AF}.Debug|x86.ActiveCfg = Debug|Win32
		{CC744141-74C7-41A5-B9EF-783A47C664AF}.Debug|x86.Build.0 = Debug|Win32
		{CC744141-74C7-41A5-B9EF-783A47C664AF}.Release|x64.ActiveCfg = Release|x64
		{CC744141-74C7-41A5-B9EF-783A47C664AF}.Release|x64.Build.0 = Release|x64
		{CC744141-74C7-41A5-B9EF-783A47C664AF}.Release|x86.ActiveCfg = Release|Win32
		{CC744141-74C7-41A5-B9EF-783A47C664AF}.Release|x86.Build.0 = Release|Win32
		{E31E160F-F51E-435E-B433-833426FD2CE0}.Debug|x64.ActiveCfg = Debug|x64
		{E31E160F-F51E-435E-B433-833426FD2CE0}.Debug|x64.Build.0 = Debug|x64
		{E31E160F-F51E-435E-B433-833426FD2CE0}.Debug|x86.ActiveCfg = Debug|Win32
		{E31E160F-F51E-435E-B433-833426FD2CE0}.Debug|x86.Build.0 = Debug|Win32
		{E31E160F-F51E-435E-B433-833426FD2CE0}.Release|x64.ActiveCfg = Release|x64
		{E31E160F-F51E-435E-B433-833426FD2CE0}.Release|x64.Build.0 = Release|x64
		{E31E160F-F51E-435E-B433-833426FD2CE0}.Release|x86.ActiveCfg = Release|Win32
		{E31E160F-F51E-435E-B433-833426FD2CE0}.Release|x86.Build.0 = Release|Win32
		{66DE002B-1091-4DB3-9C35-9046BDD73027}.Debug|x64.ActiveCfg = Debug|x64
		{66DE002B-1091-4DB3-9C35-9046BDD73027}.Debug|x64.Build.0 = Debug|x64
		{66DE002B-1091-4DB3-9C35-9046BDD73027}.Debug|x86.ActiveCfg = Debug|Win32
		{66DE002B-1091-4DB3-9C35-9046BDD73027}.Debug|x86.Build.0 = Debug|Win32
		{66DE002B-1091-4DB3-9C35-9046BDD73027}.Release|x64.ActiveCfg = Release|x64
		{66DE002B-1091-4DB3-9C35-9046BDD73027}.Release|x64.Build.0 = Release|x64
		{66DE002B-1091-4DB3-9C35-9046BDD73027}.Release|x86.ActiveCfg = Release|Win32
		{66DE002B-1091-4DB3-9C35-9046BDD73027}.Release|x86.Build.0 = Release|Win32
	EndGlobalSection
	GlobalSection(SolutionProperties) = preSolution
		HideSolutionNode = FALSE
	EndGlobalSection
	GlobalSection(ExtensibilityGlobals) = postSolution
		SolutionGuid = {BB1295F0-5D18-4558-8C13-A7FC9F6E376E}
	EndGlobalSection
EndGlobal
